
Microsoft Visual Studio Solution File, Format Version 12.00
# Visual Studio 2015
Project("{FAE04EC0-301F-11D3-BF4B-00C04F79EFBC}") = "OOADGame.CSharp", "OOADGame.CSharp.csproj", "{CFF88B59-EE6D-294B-6657-58ED622E62F2}"
EndProject
Global
	GlobalSection(SolutionConfigurationPlatforms) = preSolution
		Debug|Any CPU = Debug|Any CPU
		Release|Any CPU = Release|Any CPU
	EndGlobalSection
	GlobalSection(ProjectConfigurationPlatforms) = postSolution
		{CFF88B59-EE6D-294B-6657-58ED622E62F2}.Debug|Any CPU.ActiveCfg = Debug|Any CPU
		{CFF88B59-EE6D-294B-6657-58ED622E62F2}.Debug|Any CPU.Build.0 = Debug|Any CPU
		{CFF88B59-EE6D-294B-6657-58ED622E62F2}.Release|Any CPU.ActiveCfg = Release|Any CPU
		{CFF88B59-EE6D-294B-6657-58ED622E62F2}.Release|Any CPU.Build.0 = Release|Any CPU
	EndGlobalSection
	GlobalSection(SolutionProperties) = preSolution
		HideSolutionNode = FALSE
	EndGlobalSection
EndGlobal
